
Microsoft Visual Studio Solution File, Format Version 12.00
# Visual Studio Version 17
VisualStudioVersion = 17.4.33213.308
MinimumVisualStudioVersion = 10.0.40219.1
Project("{FAE04EC0-301F-11D3-BF4B-00C04F79EFBC}") = "TinyURL", "TinyURL\TinyURL.csproj", "{130F0231-B090-407D-AC14-B5CD6C3D9787}"
EndProject
Global
	GlobalSection(SolutionConfigurationPlatforms) = preSolution
		Debug|Any CPU = Debug|Any CPU
		Release|Any CPU = Release|Any CPU
	EndGlobalSection
	GlobalSection(ProjectConfigurationPlatforms) = postSolution
		{130F0231-B090-407D-AC14-B5CD6C3D9787}.Debug|Any CPU.ActiveCfg = Debug|Any CPU
		{130F0231-B090-407D-AC14-B5CD6C3D9787}.Debug|Any CPU.Build.0 = Debug|Any CPU
		{130F0231-B090-407D-AC14-B5CD6C3D9787}.Release|Any CPU.ActiveCfg = Release|Any CPU
		{130F0231-B090-407D-AC14-B5CD6C3D9787}.Release|Any CPU.Build.0 = Release|Any CPU
	EndGlobalSection
	GlobalSection(SolutionProperties) = preSolution
		HideSolutionNode = FALSE
	EndGlobalSection
	GlobalSection(ExtensibilityGlobals) = postSolution
		SolutionGuid = {7E185BFD-F7FE-45E7-8C83-554AB6C3738C}
	EndGlobalSection
EndGlobal
